
Microsoft Visual Studio Solution File, Format Version 12.00
# Visual Studio Version 16
VisualStudioVersion = 16.0.33423.256
MinimumVisualStudioVersion = 10.0.40219.1
Project("{FAE04EC0-301F-11D3-BF4B-00C04F79EFBC}") = "Homework_number_7", "Homework_number_7\Homework_number_7.csproj", "{4C1B52C9-87E3-4CCF-A94E-0AB1FECCA74B}"
EndProject
Global
	GlobalSection(SolutionConfigurationPlatforms) = preSolution
		Debug|Any CPU = Debug|Any CPU
		Release|Any CPU = Release|Any CPU
	EndGlobalSection
	GlobalSection(ProjectConfigurationPlatforms) = postSolution
		{4C1B52C9-87E3-4CCF-A94E-0AB1FECCA74B}.Debug|Any CPU.ActiveCfg = Debug|Any CPU
		{4C1B52C9-87E3-4CCF-A94E-0AB1FECCA74B}.Debug|Any CPU.Build.0 = Debug|Any CPU
		{4C1B52C9-87E3-4CCF-A94E-0AB1FECCA74B}.Release|Any CPU.ActiveCfg = Release|Any CPU
		{4C1B52C9-87E3-4CCF-A94E-0AB1FECCA74B}.Release|Any CPU.Build.0 = Release|Any CPU
	EndGlobalSection
	GlobalSection(SolutionProperties) = preSolution
		HideSolutionNode = FALSE
	EndGlobalSection
	GlobalSection(ExtensibilityGlobals) = postSolution
		SolutionGuid = {10795BE0-2277-4C14-85FD-BEBB507B0C19}
	EndGlobalSection
EndGlobal
